// !$*UTF8*$!
{
	archiveVersion = 1;
	classes = {
	};
	objectVersion = 46;
	objects = {

/* Begin PBXBuildFile section */
		CC088DE715F69E4900C6F372 /* OP.png in Resources */ = {isa = PBXBuildFile; fileRef = CC088DE615F69E4900C6F372 /* OP.png */; };
		CC088DE915F6A3B400C6F372 /* MapKit.framework in Frameworks */ = {isa = PBXBuildFile; fileRef = CC088DE815F6A3B400C6F372 /* MapKit.framework */; };
		CC0A1F6416038F6B003085B2 /* FacingView.m in Sources */ = {isa = PBXBuildFile; fileRef = CC0A1F5516038F6B003085B2 /* FacingView.m */; };
		CC0A1F6516038F6B003085B2 /* FoldView.m in Sources */ = {isa = PBXBuildFile; fileRef = CC0A1F5716038F6B003085B2 /* FoldView.m */; };
		CC0A1F6616038F6B003085B2 /* MultiFoldView.m in Sources */ = {isa = PBXBuildFile; fileRef = CC0A1F5916038F6B003085B2 /* MultiFoldView.m */; };
		CC0A1F6716038F6B003085B2 /* PaperFoldNavigationController.m in Sources */ = {isa = PBXBuildFile; fileRef = CC0A1F5B16038F6B003085B2 /* PaperFoldNavigationController.m */; };
		CC0A1F6816038F6B003085B2 /* PaperFoldView.m in Sources */ = {isa = PBXBuildFile; fileRef = CC0A1F5D16038F6B003085B2 /* PaperFoldView.m */; };
		CC0A1F6916038F6B003085B2 /* ShadowView.m in Sources */ = {isa = PBXBuildFile; fileRef = CC0A1F5F16038F6B003085B2 /* ShadowView.m */; };
		CC0A1F6A16038F6B003085B2 /* TouchThroughUIView.m in Sources */ = {isa = PBXBuildFile; fileRef = CC0A1F6116038F6B003085B2 /* TouchThroughUIView.m */; };
		CC0A1F6B16038F6B003085B2 /* UIView+Screenshot.m in Sources */ = {isa = PBXBuildFile; fileRef = CC0A1F6316038F6B003085B2 /* UIView+Screenshot.m */; };
		CC0A1F771603AB3C003085B2 /* OTPItineraryViewController.m in Sources */ = {isa = PBXBuildFile; fileRef = CC0A1F761603AB3C003085B2 /* OTPItineraryViewController.m */; };
		CC0A1F7B1603B47A003085B2 /* UIView+Origami.m in Sources */ = {isa = PBXBuildFile; fileRef = CC0A1F7A1603B47A003085B2 /* UIView+Origami.m */; };
		CC0A1F851603D3C5003085B2 /* OTPShadow.m in Sources */ = {isa = PBXBuildFile; fileRef = CC0A1F841603D3C5003085B2 /* OTPShadow.m */; };
		CC0B7401160A6D56008A734A /* OTPSearchBarWithActivity.m in Sources */ = {isa = PBXBuildFile; fileRef = CC0B7400160A6D56008A734A /* OTPSearchBarWithActivity.m */; };
		CC44EB451615077D00B7FE93 /* HeadingAngleSmall.png in Resources */ = {isa = PBXBuildFile; fileRef = CC44EB391615077D00B7FE93 /* HeadingAngleSmall.png */; };
		CC44EB461615077D00B7FE93 /* HeadingAngleSmall@2x.png in Resources */ = {isa = PBXBuildFile; fileRef = CC44EB3A1615077D00B7FE93 /* HeadingAngleSmall@2x.png */; };
		CC44EB471615077D00B7FE93 /* LoadingTile.png in Resources */ = {isa = PBXBuildFile; fileRef = CC44EB3B1615077D00B7FE93 /* LoadingTile.png */; };
		CC44EB481615077D00B7FE93 /* LoadingTileZoom.png in Resources */ = {isa = PBXBuildFile; fileRef = CC44EB3C1615077D00B7FE93 /* LoadingTileZoom.png */; };
		CC44EB491615077D00B7FE93 /* TrackingDot.png in Resources */ = {isa = PBXBuildFile; fileRef = CC44EB3D1615077D00B7FE93 /* TrackingDot.png */; };
		CC44EB4A1615077D00B7FE93 /* TrackingDot@2x.png in Resources */ = {isa = PBXBuildFile; fileRef = CC44EB3E1615077D00B7FE93 /* TrackingDot@2x.png */; };
		CC44EB4B1615077D00B7FE93 /* TrackingDotHalo.png in Resources */ = {isa = PBXBuildFile; fileRef = CC44EB3F1615077D00B7FE93 /* TrackingDotHalo.png */; };
		CC44EB4C1615077D00B7FE93 /* TrackingDotHalo@2x.png in Resources */ = {isa = PBXBuildFile; fileRef = CC44EB401615077D00B7FE93 /* TrackingDotHalo@2x.png */; };
		CC44EB4D1615077D00B7FE93 /* TrackingHeading.png in Resources */ = {isa = PBXBuildFile; fileRef = CC44EB411615077D00B7FE93 /* TrackingHeading.png */; };
		CC44EB4E1615077D00B7FE93 /* TrackingHeading@2x.png in Resources */ = {isa = PBXBuildFile; fileRef = CC44EB421615077D00B7FE93 /* TrackingHeading@2x.png */; };
		CC44EB4F1615077D00B7FE93 /* TrackingLocation.png in Resources */ = {isa = PBXBuildFile; fileRef = CC44EB431615077D00B7FE93 /* TrackingLocation.png */; };
		CC44EB501615077D00B7FE93 /* TrackingLocation@2x.png in Resources */ = {isa = PBXBuildFile; fileRef = CC44EB441615077D00B7FE93 /* TrackingLocation@2x.png */; };
		CC65B89615FF9005002CFD97 /* OTPGeocodedTextField.m in Sources */ = {isa = PBXBuildFile; fileRef = CC65B89515FF9005002CFD97 /* OTPGeocodedTextField.m */; };
		CC8B5A5C15F953E2004D8602 /* SMCalloutView.m in Sources */ = {isa = PBXBuildFile; fileRef = CC8B5A5B15F953E2004D8602 /* SMCalloutView.m */; };
		CC8D354215F922E500CA158D /* OTPTransitTimesViewController.m in Sources */ = {isa = PBXBuildFile; fileRef = CC8D354115F922E500CA158D /* OTPTransitTimesViewController.m */; };
		CC9CFC6E15EFC3030070712C /* Itinerary.m in Sources */ = {isa = PBXBuildFile; fileRef = CC9CFC6515EFC3030070712C /* Itinerary.m */; };
		CC9CFC6F15EFC3030070712C /* Leg.m in Sources */ = {isa = PBXBuildFile; fileRef = CC9CFC6715EFC3030070712C /* Leg.m */; };
		CC9CFC7015EFC3030070712C /* LegGeometry.m in Sources */ = {isa = PBXBuildFile; fileRef = CC9CFC6915EFC3030070712C /* LegGeometry.m */; };
		CC9CFC7115EFC3030070712C /* Place.m in Sources */ = {isa = PBXBuildFile; fileRef = CC9CFC6B15EFC3030070712C /* Place.m */; };
		CC9CFC7215EFC3030070712C /* Plan.m in Sources */ = {isa = PBXBuildFile; fileRef = CC9CFC6D15EFC3030070712C /* Plan.m */; };
		CC9CFCC515EFCCDE0070712C /* OTPViewController.m in Sources */ = {isa = PBXBuildFile; fileRef = CC9CFCC415EFCCDE0070712C /* OTPViewController.m */; };
		CC9CFCCC15EFCDA00070712C /* MainStoryboard_iPhone.storyboard in Resources */ = {isa = PBXBuildFile; fileRef = CC9CFCCB15EFCDA00070712C /* MainStoryboard_iPhone.storyboard */; };
		CC9DC0471614F5F200C8B22E /* OTPTransitTimeViewController.m in Sources */ = {isa = PBXBuildFile; fileRef = CC9DC0411614F5F200C8B22E /* OTPTransitTimeViewController.m */; };
		CC9DC0481614F5F200C8B22E /* OTPVerticalGradientView.m in Sources */ = {isa = PBXBuildFile; fileRef = CC9DC0431614F5F200C8B22E /* OTPVerticalGradientView.m */; };
		CC9DC0491614F5F200C8B22E /* OTPGraphicsCommon.m in Sources */ = {isa = PBXBuildFile; fileRef = CC9DC0441614F5F200C8B22E /* OTPGraphicsCommon.m */; };
		CCCDFB6815EEAAC600B26133 /* UIKit.framework in Frameworks */ = {isa = PBXBuildFile; fileRef = CCCDFB6715EEAAC600B26133 /* UIKit.framework */; };
		CCCDFB6A15EEAAC600B26133 /* Foundation.framework in Frameworks */ = {isa = PBXBuildFile; fileRef = CCCDFB6915EEAAC600B26133 /* Foundation.framework */; };
		CCCDFB6C15EEAAC600B26133 /* CoreGraphics.framework in Frameworks */ = {isa = PBXBuildFile; fileRef = CCCDFB6B15EEAAC600B26133 /* CoreGraphics.framework */; };
		CCCDFB7215EEAAC600B26133 /* InfoPlist.strings in Resources */ = {isa = PBXBuildFile; fileRef = CCCDFB7015EEAAC600B26133 /* InfoPlist.strings */; };
		CCCDFB7415EEAAC600B26133 /* main.m in Sources */ = {isa = PBXBuildFile; fileRef = CCCDFB7315EEAAC600B26133 /* main.m */; };
		CCCDFB7815EEAAC600B26133 /* OTPAppDelegate.m in Sources */ = {isa = PBXBuildFile; fileRef = CCCDFB7715EEAAC600B26133 /* OTPAppDelegate.m */; };
		CCCDFB8015EEAAC600B26133 /* SenTestingKit.framework in Frameworks */ = {isa = PBXBuildFile; fileRef = CCCDFB7F15EEAAC600B26133 /* SenTestingKit.framework */; };
		CCCDFB8115EEAAC600B26133 /* UIKit.framework in Frameworks */ = {isa = PBXBuildFile; fileRef = CCCDFB6715EEAAC600B26133 /* UIKit.framework */; };
		CCCDFB8215EEAAC600B26133 /* Foundation.framework in Frameworks */ = {isa = PBXBuildFile; fileRef = CCCDFB6915EEAAC600B26133 /* Foundation.framework */; };
		CCCDFB8A15EEAAC600B26133 /* InfoPlist.strings in Resources */ = {isa = PBXBuildFile; fileRef = CCCDFB8815EEAAC600B26133 /* InfoPlist.strings */; };
		CCCDFB8D15EEAAC600B26133 /* OpenTripPlannerTests.m in Sources */ = {isa = PBXBuildFile; fileRef = CCCDFB8C15EEAAC600B26133 /* OpenTripPlannerTests.m */; };
		CCCDFBC115EEBA7600B26133 /* CFNetwork.framework in Frameworks */ = {isa = PBXBuildFile; fileRef = CCCDFBC015EEBA7600B26133 /* CFNetwork.framework */; };
		CCCDFBC315EEBA8F00B26133 /* CoreData.framework in Frameworks */ = {isa = PBXBuildFile; fileRef = CCCDFBC215EEBA8F00B26133 /* CoreData.framework */; };
		CCCDFBC515EEBAA200B26133 /* MobileCoreServices.framework in Frameworks */ = {isa = PBXBuildFile; fileRef = CCCDFBC415EEBAA200B26133 /* MobileCoreServices.framework */; };
		CCCDFBC715EEBAB100B26133 /* Security.framework in Frameworks */ = {isa = PBXBuildFile; fileRef = CCCDFBC615EEBAB100B26133 /* Security.framework */; };
		CCCDFBC915EEBABF00B26133 /* SystemConfiguration.framework in Frameworks */ = {isa = PBXBuildFile; fileRef = CCCDFBC815EEBABF00B26133 /* SystemConfiguration.framework */; };
		CCCDFBCB15EEBACE00B26133 /* QuartzCore.framework in Frameworks */ = {isa = PBXBuildFile; fileRef = CCCDFBCA15EEBACE00B26133 /* QuartzCore.framework */; };
		CCCDFBCD15EEBAEA00B26133 /* libxml2.dylib in Frameworks */ = {isa = PBXBuildFile; fileRef = CCCDFBCC15EEBAEA00B26133 /* libxml2.dylib */; };
		CCCDFBDF15EEC16C00B26133 /* CoreLocation.framework in Frameworks */ = {isa = PBXBuildFile; fileRef = CCCDFBDE15EEC16C00B26133 /* CoreLocation.framework */; };
		CCCDFBE215EEC1AB00B26133 /* libsqlite3.dylib in Frameworks */ = {isa = PBXBuildFile; fileRef = CCCDFBE115EEC1AB00B26133 /* libsqlite3.dylib */; };
		CCCDFBE415EEC1BC00B26133 /* libz.dylib in Frameworks */ = {isa = PBXBuildFile; fileRef = CCCDFBE315EEC1BC00B26133 /* libz.dylib */; };
		CCE8191D160120E70034E8AC /* check.png in Resources */ = {isa = PBXBuildFile; fileRef = CCE8191B160120E70034E8AC /* check.png */; };
		CCE8191E160120E70034E8AC /* x.png in Resources */ = {isa = PBXBuildFile; fileRef = CCE8191C160120E70034E8AC /* x.png */; };
		CCE81921160131FD0034E8AC /* OTPCallout.m in Sources */ = {isa = PBXBuildFile; fileRef = CCE81920160131FD0034E8AC /* OTPCallout.m */; };
		CCF1D5DF15FE454100EEB827 /* OTPDirectionsInputViewController.m in Sources */ = {isa = PBXBuildFile; fileRef = CCF1D5DE15FE454100EEB827 /* OTPDirectionsInputViewController.m */; };
/* End PBXBuildFile section */

/* Begin PBXContainerItemProxy section */
		CCCDFB8315EEAAC600B26133 /* PBXContainerItemProxy */ = {
			isa = PBXContainerItemProxy;
			containerPortal = CCCDFB5A15EEAAC600B26133 /* Project object */;
			proxyType = 1;
			remoteGlobalIDString = CCCDFB6215EEAAC600B26133;
			remoteInfo = OpenTripPlanner;
		};
/* End PBXContainerItemProxy section */

/* Begin PBXFileReference section */
		CC088DE215F6932500C6F372 /* RoutingCoverage.geojson */ = {isa = PBXFileReference; lastKnownFileType = text; path = RoutingCoverage.geojson; sourceTree = "<group>"; };
		CC088DE615F69E4900C6F372 /* OP.png */ = {isa = PBXFileReference; lastKnownFileType = image.png; path = OP.png; sourceTree = "<group>"; };
		CC088DE815F6A3B400C6F372 /* MapKit.framework */ = {isa = PBXFileReference; lastKnownFileType = wrapper.framework; name = MapKit.framework; path = System/Library/Frameworks/MapKit.framework; sourceTree = SDKROOT; };
		CC0A1F5416038F6B003085B2 /* FacingView.h */ = {isa = PBXFileReference; fileEncoding = 4; lastKnownFileType = sourcecode.c.h; path = FacingView.h; sourceTree = "<group>"; };
		CC0A1F5516038F6B003085B2 /* FacingView.m */ = {isa = PBXFileReference; fileEncoding = 4; lastKnownFileType = sourcecode.c.objc; path = FacingView.m; sourceTree = "<group>"; };
		CC0A1F5616038F6B003085B2 /* FoldView.h */ = {isa = PBXFileReference; fileEncoding = 4; lastKnownFileType = sourcecode.c.h; path = FoldView.h; sourceTree = "<group>"; };
		CC0A1F5716038F6B003085B2 /* FoldView.m */ = {isa = PBXFileReference; fileEncoding = 4; lastKnownFileType = sourcecode.c.objc; path = FoldView.m; sourceTree = "<group>"; };
		CC0A1F5816038F6B003085B2 /* MultiFoldView.h */ = {isa = PBXFileReference; fileEncoding = 4; lastKnownFileType = sourcecode.c.h; path = MultiFoldView.h; sourceTree = "<group>"; };
		CC0A1F5916038F6B003085B2 /* MultiFoldView.m */ = {isa = PBXFileReference; fileEncoding = 4; lastKnownFileType = sourcecode.c.objc; path = MultiFoldView.m; sourceTree = "<group>"; };
		CC0A1F5A16038F6B003085B2 /* PaperFoldNavigationController.h */ = {isa = PBXFileReference; fileEncoding = 4; lastKnownFileType = sourcecode.c.h; path = PaperFoldNavigationController.h; sourceTree = "<group>"; };
		CC0A1F5B16038F6B003085B2 /* PaperFoldNavigationController.m */ = {isa = PBXFileReference; fileEncoding = 4; lastKnownFileType = sourcecode.c.objc; path = PaperFoldNavigationController.m; sourceTree = "<group>"; };
		CC0A1F5C16038F6B003085B2 /* PaperFoldView.h */ = {isa = PBXFileReference; fileEncoding = 4; lastKnownFileType = sourcecode.c.h; path = PaperFoldView.h; sourceTree = "<group>"; };
		CC0A1F5D16038F6B003085B2 /* PaperFoldView.m */ = {isa = PBXFileReference; fileEncoding = 4; lastKnownFileType = sourcecode.c.objc; path = PaperFoldView.m; sourceTree = "<group>"; };
		CC0A1F5E16038F6B003085B2 /* ShadowView.h */ = {isa = PBXFileReference; fileEncoding = 4; lastKnownFileType = sourcecode.c.h; path = ShadowView.h; sourceTree = "<group>"; };
		CC0A1F5F16038F6B003085B2 /* ShadowView.m */ = {isa = PBXFileReference; fileEncoding = 4; lastKnownFileType = sourcecode.c.objc; path = ShadowView.m; sourceTree = "<group>"; };
		CC0A1F6016038F6B003085B2 /* TouchThroughUIView.h */ = {isa = PBXFileReference; fileEncoding = 4; lastKnownFileType = sourcecode.c.h; path = TouchThroughUIView.h; sourceTree = "<group>"; };
		CC0A1F6116038F6B003085B2 /* TouchThroughUIView.m */ = {isa = PBXFileReference; fileEncoding = 4; lastKnownFileType = sourcecode.c.objc; path = TouchThroughUIView.m; sourceTree = "<group>"; };
		CC0A1F6216038F6B003085B2 /* UIView+Screenshot.h */ = {isa = PBXFileReference; fileEncoding = 4; lastKnownFileType = sourcecode.c.h; path = "UIView+Screenshot.h"; sourceTree = "<group>"; };
		CC0A1F6316038F6B003085B2 /* UIView+Screenshot.m */ = {isa = PBXFileReference; fileEncoding = 4; lastKnownFileType = sourcecode.c.objc; path = "UIView+Screenshot.m"; sourceTree = "<group>"; };
		CC0A1F751603AB3C003085B2 /* OTPItineraryViewController.h */ = {isa = PBXFileReference; fileEncoding = 4; lastKnownFileType = sourcecode.c.h; path = OTPItineraryViewController.h; sourceTree = "<group>"; };
		CC0A1F761603AB3C003085B2 /* OTPItineraryViewController.m */ = {isa = PBXFileReference; fileEncoding = 4; lastKnownFileType = sourcecode.c.objc; path = OTPItineraryViewController.m; sourceTree = "<group>"; };
		CC0A1F791603B47A003085B2 /* UIView+Origami.h */ = {isa = PBXFileReference; fileEncoding = 4; lastKnownFileType = sourcecode.c.h; path = "UIView+Origami.h"; sourceTree = "<group>"; };
		CC0A1F7A1603B47A003085B2 /* UIView+Origami.m */ = {isa = PBXFileReference; fileEncoding = 4; lastKnownFileType = sourcecode.c.objc; path = "UIView+Origami.m"; sourceTree = "<group>"; };
		CC0A1F831603D3C5003085B2 /* OTPShadow.h */ = {isa = PBXFileReference; fileEncoding = 4; lastKnownFileType = sourcecode.c.h; path = OTPShadow.h; sourceTree = "<group>"; };
		CC0A1F841603D3C5003085B2 /* OTPShadow.m */ = {isa = PBXFileReference; fileEncoding = 4; lastKnownFileType = sourcecode.c.objc; path = OTPShadow.m; sourceTree = "<group>"; };
		CC0B73FF160A6D56008A734A /* OTPSearchBarWithActivity.h */ = {isa = PBXFileReference; fileEncoding = 4; lastKnownFileType = sourcecode.c.h; path = OTPSearchBarWithActivity.h; sourceTree = "<group>"; };
		CC0B7400160A6D56008A734A /* OTPSearchBarWithActivity.m */ = {isa = PBXFileReference; fileEncoding = 4; lastKnownFileType = sourcecode.c.objc; path = OTPSearchBarWithActivity.m; sourceTree = "<group>"; };
		CC44EB391615077D00B7FE93 /* HeadingAngleSmall.png */ = {isa = PBXFileReference; lastKnownFileType = image.png; path = HeadingAngleSmall.png; sourceTree = "<group>"; };
		CC44EB3A1615077D00B7FE93 /* HeadingAngleSmall@2x.png */ = {isa = PBXFileReference; lastKnownFileType = image.png; path = "HeadingAngleSmall@2x.png"; sourceTree = "<group>"; };
		CC44EB3B1615077D00B7FE93 /* LoadingTile.png */ = {isa = PBXFileReference; lastKnownFileType = image.png; path = LoadingTile.png; sourceTree = "<group>"; };
		CC44EB3C1615077D00B7FE93 /* LoadingTileZoom.png */ = {isa = PBXFileReference; lastKnownFileType = image.png; path = LoadingTileZoom.png; sourceTree = "<group>"; };
		CC44EB3D1615077D00B7FE93 /* TrackingDot.png */ = {isa = PBXFileReference; lastKnownFileType = image.png; path = TrackingDot.png; sourceTree = "<group>"; };
		CC44EB3E1615077D00B7FE93 /* TrackingDot@2x.png */ = {isa = PBXFileReference; lastKnownFileType = image.png; path = "TrackingDot@2x.png"; sourceTree = "<group>"; };
		CC44EB3F1615077D00B7FE93 /* TrackingDotHalo.png */ = {isa = PBXFileReference; lastKnownFileType = image.png; path = TrackingDotHalo.png; sourceTree = "<group>"; };
		CC44EB401615077D00B7FE93 /* TrackingDotHalo@2x.png */ = {isa = PBXFileReference; lastKnownFileType = image.png; path = "TrackingDotHalo@2x.png"; sourceTree = "<group>"; };
		CC44EB411615077D00B7FE93 /* TrackingHeading.png */ = {isa = PBXFileReference; lastKnownFileType = image.png; path = TrackingHeading.png; sourceTree = "<group>"; };
		CC44EB421615077D00B7FE93 /* TrackingHeading@2x.png */ = {isa = PBXFileReference; lastKnownFileType = image.png; path = "TrackingHeading@2x.png"; sourceTree = "<group>"; };
		CC44EB431615077D00B7FE93 /* TrackingLocation.png */ = {isa = PBXFileReference; lastKnownFileType = image.png; path = TrackingLocation.png; sourceTree = "<group>"; };
		CC44EB441615077D00B7FE93 /* TrackingLocation@2x.png */ = {isa = PBXFileReference; lastKnownFileType = image.png; path = "TrackingLocation@2x.png"; sourceTree = "<group>"; };
		CC65B89415FF9005002CFD97 /* OTPGeocodedTextField.h */ = {isa = PBXFileReference; fileEncoding = 4; lastKnownFileType = sourcecode.c.h; path = OTPGeocodedTextField.h; sourceTree = "<group>"; };
		CC65B89515FF9005002CFD97 /* OTPGeocodedTextField.m */ = {isa = PBXFileReference; fileEncoding = 4; lastKnownFileType = sourcecode.c.objc; path = OTPGeocodedTextField.m; sourceTree = "<group>"; };
		CC8B5A5A15F953E2004D8602 /* SMCalloutView.h */ = {isa = PBXFileReference; fileEncoding = 4; lastKnownFileType = sourcecode.c.h; path = SMCalloutView.h; sourceTree = "<group>"; };
		CC8B5A5B15F953E2004D8602 /* SMCalloutView.m */ = {isa = PBXFileReference; fileEncoding = 4; lastKnownFileType = sourcecode.c.objc; path = SMCalloutView.m; sourceTree = "<group>"; };
		CC8D354015F922E500CA158D /* OTPTransitTimesViewController.h */ = {isa = PBXFileReference; fileEncoding = 4; lastKnownFileType = sourcecode.c.h; path = OTPTransitTimesViewController.h; sourceTree = "<group>"; };
		CC8D354115F922E500CA158D /* OTPTransitTimesViewController.m */ = {isa = PBXFileReference; fileEncoding = 4; lastKnownFileType = sourcecode.c.objc; path = OTPTransitTimesViewController.m; sourceTree = "<group>"; };
		CC9CFC6415EFC3030070712C /* Itinerary.h */ = {isa = PBXFileReference; fileEncoding = 4; lastKnownFileType = sourcecode.c.h; path = Itinerary.h; sourceTree = "<group>"; };
		CC9CFC6515EFC3030070712C /* Itinerary.m */ = {isa = PBXFileReference; fileEncoding = 4; lastKnownFileType = sourcecode.c.objc; path = Itinerary.m; sourceTree = "<group>"; };
		CC9CFC6615EFC3030070712C /* Leg.h */ = {isa = PBXFileReference; fileEncoding = 4; lastKnownFileType = sourcecode.c.h; path = Leg.h; sourceTree = "<group>"; };
		CC9CFC6715EFC3030070712C /* Leg.m */ = {isa = PBXFileReference; fileEncoding = 4; lastKnownFileType = sourcecode.c.objc; path = Leg.m; sourceTree = "<group>"; };
		CC9CFC6815EFC3030070712C /* LegGeometry.h */ = {isa = PBXFileReference; fileEncoding = 4; lastKnownFileType = sourcecode.c.h; path = LegGeometry.h; sourceTree = "<group>"; };
		CC9CFC6915EFC3030070712C /* LegGeometry.m */ = {isa = PBXFileReference; fileEncoding = 4; lastKnownFileType = sourcecode.c.objc; path = LegGeometry.m; sourceTree = "<group>"; };
		CC9CFC6A15EFC3030070712C /* Place.h */ = {isa = PBXFileReference; fileEncoding = 4; lastKnownFileType = sourcecode.c.h; path = Place.h; sourceTree = "<group>"; };
		CC9CFC6B15EFC3030070712C /* Place.m */ = {isa = PBXFileReference; fileEncoding = 4; lastKnownFileType = sourcecode.c.objc; path = Place.m; sourceTree = "<group>"; };
		CC9CFC6C15EFC3030070712C /* Plan.h */ = {isa = PBXFileReference; fileEncoding = 4; lastKnownFileType = sourcecode.c.h; path = Plan.h; sourceTree = "<group>"; };
		CC9CFC6D15EFC3030070712C /* Plan.m */ = {isa = PBXFileReference; fileEncoding = 4; lastKnownFileType = sourcecode.c.objc; path = Plan.m; sourceTree = "<group>"; };
		CC9CFCC315EFCCDE0070712C /* OTPViewController.h */ = {isa = PBXFileReference; fileEncoding = 4; lastKnownFileType = sourcecode.c.h; path = OTPViewController.h; sourceTree = "<group>"; };
		CC9CFCC415EFCCDE0070712C /* OTPViewController.m */ = {isa = PBXFileReference; fileEncoding = 4; lastKnownFileType = sourcecode.c.objc; path = OTPViewController.m; sourceTree = "<group>"; };
		CC9CFCCB15EFCDA00070712C /* MainStoryboard_iPhone.storyboard */ = {isa = PBXFileReference; fileEncoding = 4; lastKnownFileType = file.storyboard; path = MainStoryboard_iPhone.storyboard; sourceTree = "<group>"; };
		CC9DC0411614F5F200C8B22E /* OTPTransitTimeViewController.m */ = {isa = PBXFileReference; fileEncoding = 4; lastKnownFileType = sourcecode.c.objc; path = OTPTransitTimeViewController.m; sourceTree = "<group>"; };
		CC9DC0421614F5F200C8B22E /* OTPTransitTimeViewController.h */ = {isa = PBXFileReference; fileEncoding = 4; lastKnownFileType = sourcecode.c.h; path = OTPTransitTimeViewController.h; sourceTree = "<group>"; };
		CC9DC0431614F5F200C8B22E /* OTPVerticalGradientView.m */ = {isa = PBXFileReference; fileEncoding = 4; lastKnownFileType = sourcecode.c.objc; path = OTPVerticalGradientView.m; sourceTree = "<group>"; };
		CC9DC0441614F5F200C8B22E /* OTPGraphicsCommon.m */ = {isa = PBXFileReference; fileEncoding = 4; lastKnownFileType = sourcecode.c.objc; path = OTPGraphicsCommon.m; sourceTree = "<group>"; };
		CC9DC0451614F5F200C8B22E /* OTPGraphicsCommon.h */ = {isa = PBXFileReference; fileEncoding = 4; lastKnownFileType = sourcecode.c.h; path = OTPGraphicsCommon.h; sourceTree = "<group>"; };
		CC9DC0461614F5F200C8B22E /* OTPVerticalGradientView.h */ = {isa = PBXFileReference; fileEncoding = 4; lastKnownFileType = sourcecode.c.h; path = OTPVerticalGradientView.h; sourceTree = "<group>"; };
		CCCDFB6315EEAAC600B26133 /* OpenTripPlanner.app */ = {isa = PBXFileReference; explicitFileType = wrapper.application; includeInIndex = 0; path = OpenTripPlanner.app; sourceTree = BUILT_PRODUCTS_DIR; };
		CCCDFB6715EEAAC600B26133 /* UIKit.framework */ = {isa = PBXFileReference; lastKnownFileType = wrapper.framework; name = UIKit.framework; path = System/Library/Frameworks/UIKit.framework; sourceTree = SDKROOT; };
		CCCDFB6915EEAAC600B26133 /* Foundation.framework */ = {isa = PBXFileReference; lastKnownFileType = wrapper.framework; name = Foundation.framework; path = System/Library/Frameworks/Foundation.framework; sourceTree = SDKROOT; };
		CCCDFB6B15EEAAC600B26133 /* CoreGraphics.framework */ = {isa = PBXFileReference; lastKnownFileType = wrapper.framework; name = CoreGraphics.framework; path = System/Library/Frameworks/CoreGraphics.framework; sourceTree = SDKROOT; };
		CCCDFB6F15EEAAC600B26133 /* OpenTripPlanner-Info.plist */ = {isa = PBXFileReference; lastKnownFileType = text.plist.xml; path = "OpenTripPlanner-Info.plist"; sourceTree = "<group>"; };
		CCCDFB7115EEAAC600B26133 /* en */ = {isa = PBXFileReference; lastKnownFileType = text.plist.strings; name = en; path = en.lproj/InfoPlist.strings; sourceTree = "<group>"; };
		CCCDFB7315EEAAC600B26133 /* main.m */ = {isa = PBXFileReference; lastKnownFileType = sourcecode.c.objc; path = main.m; sourceTree = "<group>"; };
		CCCDFB7515EEAAC600B26133 /* OpenTripPlanner-Prefix.pch */ = {isa = PBXFileReference; lastKnownFileType = sourcecode.c.h; path = "OpenTripPlanner-Prefix.pch"; sourceTree = "<group>"; };
		CCCDFB7615EEAAC600B26133 /* OTPAppDelegate.h */ = {isa = PBXFileReference; lastKnownFileType = sourcecode.c.h; path = OTPAppDelegate.h; sourceTree = "<group>"; };
		CCCDFB7715EEAAC600B26133 /* OTPAppDelegate.m */ = {isa = PBXFileReference; lastKnownFileType = sourcecode.c.objc; path = OTPAppDelegate.m; sourceTree = "<group>"; };
		CCCDFB7E15EEAAC600B26133 /* OpenTripPlannerTests.octest */ = {isa = PBXFileReference; explicitFileType = wrapper.cfbundle; includeInIndex = 0; path = OpenTripPlannerTests.octest; sourceTree = BUILT_PRODUCTS_DIR; };
		CCCDFB7F15EEAAC600B26133 /* SenTestingKit.framework */ = {isa = PBXFileReference; lastKnownFileType = wrapper.framework; name = SenTestingKit.framework; path = Library/Frameworks/SenTestingKit.framework; sourceTree = DEVELOPER_DIR; };
		CCCDFB8715EEAAC600B26133 /* OpenTripPlannerTests-Info.plist */ = {isa = PBXFileReference; lastKnownFileType = text.plist.xml; path = "OpenTripPlannerTests-Info.plist"; sourceTree = "<group>"; };
		CCCDFB8915EEAAC600B26133 /* en */ = {isa = PBXFileReference; lastKnownFileType = text.plist.strings; name = en; path = en.lproj/InfoPlist.strings; sourceTree = "<group>"; };
		CCCDFB8B15EEAAC600B26133 /* OpenTripPlannerTests.h */ = {isa = PBXFileReference; lastKnownFileType = sourcecode.c.h; path = OpenTripPlannerTests.h; sourceTree = "<group>"; };
		CCCDFB8C15EEAAC600B26133 /* OpenTripPlannerTests.m */ = {isa = PBXFileReference; lastKnownFileType = sourcecode.c.objc; path = OpenTripPlannerTests.m; sourceTree = "<group>"; };
		CCCDFBC015EEBA7600B26133 /* CFNetwork.framework */ = {isa = PBXFileReference; lastKnownFileType = wrapper.framework; name = CFNetwork.framework; path = System/Library/Frameworks/CFNetwork.framework; sourceTree = SDKROOT; };
		CCCDFBC215EEBA8F00B26133 /* CoreData.framework */ = {isa = PBXFileReference; lastKnownFileType = wrapper.framework; name = CoreData.framework; path = System/Library/Frameworks/CoreData.framework; sourceTree = SDKROOT; };
		CCCDFBC415EEBAA200B26133 /* MobileCoreServices.framework */ = {isa = PBXFileReference; lastKnownFileType = wrapper.framework; name = MobileCoreServices.framework; path = System/Library/Frameworks/MobileCoreServices.framework; sourceTree = SDKROOT; };
		CCCDFBC615EEBAB100B26133 /* Security.framework */ = {isa = PBXFileReference; lastKnownFileType = wrapper.framework; name = Security.framework; path = System/Library/Frameworks/Security.framework; sourceTree = SDKROOT; };
		CCCDFBC815EEBABF00B26133 /* SystemConfiguration.framework */ = {isa = PBXFileReference; lastKnownFileType = wrapper.framework; name = SystemConfiguration.framework; path = System/Library/Frameworks/SystemConfiguration.framework; sourceTree = SDKROOT; };
		CCCDFBCA15EEBACE00B26133 /* QuartzCore.framework */ = {isa = PBXFileReference; lastKnownFileType = wrapper.framework; name = QuartzCore.framework; path = System/Library/Frameworks/QuartzCore.framework; sourceTree = SDKROOT; };
		CCCDFBCC15EEBAEA00B26133 /* libxml2.dylib */ = {isa = PBXFileReference; lastKnownFileType = "compiled.mach-o.dylib"; name = libxml2.dylib; path = usr/lib/libxml2.dylib; sourceTree = SDKROOT; };
		CCCDFBDE15EEC16C00B26133 /* CoreLocation.framework */ = {isa = PBXFileReference; lastKnownFileType = wrapper.framework; name = CoreLocation.framework; path = System/Library/Frameworks/CoreLocation.framework; sourceTree = SDKROOT; };
		CCCDFBE115EEC1AB00B26133 /* libsqlite3.dylib */ = {isa = PBXFileReference; lastKnownFileType = "compiled.mach-o.dylib"; name = libsqlite3.dylib; path = usr/lib/libsqlite3.dylib; sourceTree = SDKROOT; };
		CCCDFBE315EEC1BC00B26133 /* libz.dylib */ = {isa = PBXFileReference; lastKnownFileType = "compiled.mach-o.dylib"; name = libz.dylib; path = usr/lib/libz.dylib; sourceTree = SDKROOT; };
		CCE8191B160120E70034E8AC /* check.png */ = {isa = PBXFileReference; lastKnownFileType = image.png; path = check.png; sourceTree = "<group>"; };
		CCE8191C160120E70034E8AC /* x.png */ = {isa = PBXFileReference; lastKnownFileType = image.png; path = x.png; sourceTree = "<group>"; };
		CCE8191F160131FD0034E8AC /* OTPCallout.h */ = {isa = PBXFileReference; fileEncoding = 4; lastKnownFileType = sourcecode.c.h; path = OTPCallout.h; sourceTree = "<group>"; };
		CCE81920160131FD0034E8AC /* OTPCallout.m */ = {isa = PBXFileReference; fileEncoding = 4; lastKnownFileType = sourcecode.c.objc; path = OTPCallout.m; sourceTree = "<group>"; };
		CCF1D5DD15FE454100EEB827 /* OTPDirectionsInputViewController.h */ = {isa = PBXFileReference; fileEncoding = 4; lastKnownFileType = sourcecode.c.h; path = OTPDirectionsInputViewController.h; sourceTree = "<group>"; };
		CCF1D5DE15FE454100EEB827 /* OTPDirectionsInputViewController.m */ = {isa = PBXFileReference; fileEncoding = 4; lastKnownFileType = sourcecode.c.objc; path = OTPDirectionsInputViewController.m; sourceTree = "<group>"; };
/* End PBXFileReference section */

/* Begin PBXFrameworksBuildPhase section */
		CCCDFB6015EEAAC600B26133 /* Frameworks */ = {
			isa = PBXFrameworksBuildPhase;
			buildActionMask = 2147483647;
			files = (
				CC088DE915F6A3B400C6F372 /* MapKit.framework in Frameworks */,
				CCCDFBE415EEC1BC00B26133 /* libz.dylib in Frameworks */,
				CCCDFBE215EEC1AB00B26133 /* libsqlite3.dylib in Frameworks */,
				CCCDFBDF15EEC16C00B26133 /* CoreLocation.framework in Frameworks */,
				CCCDFBCD15EEBAEA00B26133 /* libxml2.dylib in Frameworks */,
				CCCDFBCB15EEBACE00B26133 /* QuartzCore.framework in Frameworks */,
				CCCDFBC915EEBABF00B26133 /* SystemConfiguration.framework in Frameworks */,
				CCCDFBC715EEBAB100B26133 /* Security.framework in Frameworks */,
				CCCDFBC515EEBAA200B26133 /* MobileCoreServices.framework in Frameworks */,
				CCCDFBC315EEBA8F00B26133 /* CoreData.framework in Frameworks */,
				CCCDFBC115EEBA7600B26133 /* CFNetwork.framework in Frameworks */,
				CCCDFB6815EEAAC600B26133 /* UIKit.framework in Frameworks */,
				CCCDFB6A15EEAAC600B26133 /* Foundation.framework in Frameworks */,
				CCCDFB6C15EEAAC600B26133 /* CoreGraphics.framework in Frameworks */,
			);
			runOnlyForDeploymentPostprocessing = 0;
		};
		CCCDFB7A15EEAAC600B26133 /* Frameworks */ = {
			isa = PBXFrameworksBuildPhase;
			buildActionMask = 2147483647;
			files = (
				CCCDFB8015EEAAC600B26133 /* SenTestingKit.framework in Frameworks */,
				CCCDFB8115EEAAC600B26133 /* UIKit.framework in Frameworks */,
				CCCDFB8215EEAAC600B26133 /* Foundation.framework in Frameworks */,
			);
			runOnlyForDeploymentPostprocessing = 0;
		};
/* End PBXFrameworksBuildPhase section */

/* Begin PBXGroup section */
		CC088DE515F69DD900C6F372 /* Images */ = {
			isa = PBXGroup;
			children = (
				CCE8191B160120E70034E8AC /* check.png */,
				CCE8191C160120E70034E8AC /* x.png */,
				CC088DE615F69E4900C6F372 /* OP.png */,
			);
			name = Images;
			sourceTree = "<group>";
		};
		CC0A1F5316038F6A003085B2 /* PaperFold */ = {
			isa = PBXGroup;
			children = (
				CC0A1F5416038F6B003085B2 /* FacingView.h */,
				CC0A1F5516038F6B003085B2 /* FacingView.m */,
				CC0A1F5616038F6B003085B2 /* FoldView.h */,
				CC0A1F5716038F6B003085B2 /* FoldView.m */,
				CC0A1F5816038F6B003085B2 /* MultiFoldView.h */,
				CC0A1F5916038F6B003085B2 /* MultiFoldView.m */,
				CC0A1F5A16038F6B003085B2 /* PaperFoldNavigationController.h */,
				CC0A1F5B16038F6B003085B2 /* PaperFoldNavigationController.m */,
				CC0A1F5C16038F6B003085B2 /* PaperFoldView.h */,
				CC0A1F5D16038F6B003085B2 /* PaperFoldView.m */,
				CC0A1F5E16038F6B003085B2 /* ShadowView.h */,
				CC0A1F5F16038F6B003085B2 /* ShadowView.m */,
				CC0A1F6016038F6B003085B2 /* TouchThroughUIView.h */,
				CC0A1F6116038F6B003085B2 /* TouchThroughUIView.m */,
				CC0A1F6216038F6B003085B2 /* UIView+Screenshot.h */,
				CC0A1F6316038F6B003085B2 /* UIView+Screenshot.m */,
			);
			path = PaperFold;
			sourceTree = "<group>";
		};
		CC0A1F781603B47A003085B2 /* XYOrigami */ = {
			isa = PBXGroup;
			children = (
				CC0A1F791603B47A003085B2 /* UIView+Origami.h */,
				CC0A1F7A1603B47A003085B2 /* UIView+Origami.m */,
			);
			path = XYOrigami;
			sourceTree = "<group>";
		};
		CC44EB381615077D00B7FE93 /* Resources */ = {
			isa = PBXGroup;
			children = (
				CC44EB391615077D00B7FE93 /* HeadingAngleSmall.png */,
				CC44EB3A1615077D00B7FE93 /* HeadingAngleSmall@2x.png */,
				CC44EB3B1615077D00B7FE93 /* LoadingTile.png */,
				CC44EB3C1615077D00B7FE93 /* LoadingTileZoom.png */,
				CC44EB3D1615077D00B7FE93 /* TrackingDot.png */,
				CC44EB3E1615077D00B7FE93 /* TrackingDot@2x.png */,
				CC44EB3F1615077D00B7FE93 /* TrackingDotHalo.png */,
				CC44EB401615077D00B7FE93 /* TrackingDotHalo@2x.png */,
				CC44EB411615077D00B7FE93 /* TrackingHeading.png */,
				CC44EB421615077D00B7FE93 /* TrackingHeading@2x.png */,
				CC44EB431615077D00B7FE93 /* TrackingLocation.png */,
				CC44EB441615077D00B7FE93 /* TrackingLocation@2x.png */,
			);
			name = Resources;
			path = MapBox/MapView/Map/Resources;
			sourceTree = "<group>";
		};
		CC9CFC6315EFC29E0070712C /* Model */ = {
			isa = PBXGroup;
			children = (
				CC9CFC6415EFC3030070712C /* Itinerary.h */,
				CC9CFC6515EFC3030070712C /* Itinerary.m */,
				CC9CFC6615EFC3030070712C /* Leg.h */,
				CC9CFC6715EFC3030070712C /* Leg.m */,
				CC9CFC6815EFC3030070712C /* LegGeometry.h */,
				CC9CFC6915EFC3030070712C /* LegGeometry.m */,
				CC9CFC6A15EFC3030070712C /* Place.h */,
				CC9CFC6B15EFC3030070712C /* Place.m */,
				CC9CFC6C15EFC3030070712C /* Plan.h */,
				CC9CFC6D15EFC3030070712C /* Plan.m */,
			);
			name = Model;
			sourceTree = "<group>";
		};
		CCCDFB5815EEAAC600B26133 = {
			isa = PBXGroup;
			children = (
				CC44EB381615077D00B7FE93 /* Resources */,
				CC0A1F781603B47A003085B2 /* XYOrigami */,
				CC0A1F5316038F6A003085B2 /* PaperFold */,
				CCCDFB6615EEAAC600B26133 /* Frameworks */,
				CCCDFB6415EEAAC600B26133 /* Products */,
				CCCDFB6D15EEAAC600B26133 /* OpenTripPlanner */,
				CCCDFB8515EEAAC600B26133 /* OpenTripPlannerTests */,
				CC088DE515F69DD900C6F372 /* Images */,
			);
			sourceTree = "<group>";
		};
		CCCDFB6415EEAAC600B26133 /* Products */ = {
			isa = PBXGroup;
			children = (
				CCCDFB6315EEAAC600B26133 /* OpenTripPlanner.app */,
				CCCDFB7E15EEAAC600B26133 /* OpenTripPlannerTests.octest */,
			);
			name = Products;
			sourceTree = "<group>";
		};
		CCCDFB6615EEAAC600B26133 /* Frameworks */ = {
			isa = PBXGroup;
			children = (
				CC088DE815F6A3B400C6F372 /* MapKit.framework */,
				CCCDFBC015EEBA7600B26133 /* CFNetwork.framework */,
				CCCDFBC215EEBA8F00B26133 /* CoreData.framework */,
				CCCDFB6B15EEAAC600B26133 /* CoreGraphics.framework */,
				CCCDFBDE15EEC16C00B26133 /* CoreLocation.framework */,
				CCCDFB6915EEAAC600B26133 /* Foundation.framework */,
				CCCDFBC415EEBAA200B26133 /* MobileCoreServices.framework */,
				CCCDFBCA15EEBACE00B26133 /* QuartzCore.framework */,
				CCCDFBC615EEBAB100B26133 /* Security.framework */,
				CCCDFB7F15EEAAC600B26133 /* SenTestingKit.framework */,
				CCCDFBC815EEBABF00B26133 /* SystemConfiguration.framework */,
				CCCDFB6715EEAAC600B26133 /* UIKit.framework */,
				CCCDFBE315EEC1BC00B26133 /* libz.dylib */,
				CCCDFBE115EEC1AB00B26133 /* libsqlite3.dylib */,
				CCCDFBCC15EEBAEA00B26133 /* libxml2.dylib */,
			);
			name = Frameworks;
			sourceTree = "<group>";
		};
		CCCDFB6D15EEAAC600B26133 /* OpenTripPlanner */ = {
			isa = PBXGroup;
			children = (
				CC9DC0411614F5F200C8B22E /* OTPTransitTimeViewController.m */,
				CC9DC0421614F5F200C8B22E /* OTPTransitTimeViewController.h */,
				CC9DC0431614F5F200C8B22E /* OTPVerticalGradientView.m */,
				CC9DC0441614F5F200C8B22E /* OTPGraphicsCommon.m */,
				CC9DC0451614F5F200C8B22E /* OTPGraphicsCommon.h */,
				CC9DC0461614F5F200C8B22E /* OTPVerticalGradientView.h */,
				CC8B5A5A15F953E2004D8602 /* SMCalloutView.h */,
				CC8B5A5B15F953E2004D8602 /* SMCalloutView.m */,
				CC9CFC6315EFC29E0070712C /* Model */,
				CCCDFB7615EEAAC600B26133 /* OTPAppDelegate.h */,
				CCCDFB7715EEAAC600B26133 /* OTPAppDelegate.m */,
				CCCDFB6E15EEAAC600B26133 /* Supporting Files */,
				CC9CFCCB15EFCDA00070712C /* MainStoryboard_iPhone.storyboard */,
				CC9CFCC315EFCCDE0070712C /* OTPViewController.h */,
				CC9CFCC415EFCCDE0070712C /* OTPViewController.m */,
				CCF1D5DD15FE454100EEB827 /* OTPDirectionsInputViewController.h */,
				CCF1D5DE15FE454100EEB827 /* OTPDirectionsInputViewController.m */,
				CC8D354015F922E500CA158D /* OTPTransitTimesViewController.h */,
				CC8D354115F922E500CA158D /* OTPTransitTimesViewController.m */,
				CC65B89415FF9005002CFD97 /* OTPGeocodedTextField.h */,
				CC65B89515FF9005002CFD97 /* OTPGeocodedTextField.m */,
				CCE8191F160131FD0034E8AC /* OTPCallout.h */,
				CCE81920160131FD0034E8AC /* OTPCallout.m */,
				CC0A1F751603AB3C003085B2 /* OTPItineraryViewController.h */,
				CC0A1F761603AB3C003085B2 /* OTPItineraryViewController.m */,
				CC0A1F831603D3C5003085B2 /* OTPShadow.h */,
				CC0A1F841603D3C5003085B2 /* OTPShadow.m */,
				CC0B73FF160A6D56008A734A /* OTPSearchBarWithActivity.h */,
				CC0B7400160A6D56008A734A /* OTPSearchBarWithActivity.m */,
			);
			path = OpenTripPlanner;
			sourceTree = "<group>";
		};
		CCCDFB6E15EEAAC600B26133 /* Supporting Files */ = {
			isa = PBXGroup;
			children = (
				CCCDFB6F15EEAAC600B26133 /* OpenTripPlanner-Info.plist */,
				CCCDFB7015EEAAC600B26133 /* InfoPlist.strings */,
				CCCDFB7315EEAAC600B26133 /* main.m */,
				CCCDFB7515EEAAC600B26133 /* OpenTripPlanner-Prefix.pch */,
				CC088DE215F6932500C6F372 /* RoutingCoverage.geojson */,
			);
			name = "Supporting Files";
			sourceTree = "<group>";
		};
		CCCDFB8515EEAAC600B26133 /* OpenTripPlannerTests */ = {
			isa = PBXGroup;
			children = (
				CCCDFB8B15EEAAC600B26133 /* OpenTripPlannerTests.h */,
				CCCDFB8C15EEAAC600B26133 /* OpenTripPlannerTests.m */,
				CCCDFB8615EEAAC600B26133 /* Supporting Files */,
			);
			path = OpenTripPlannerTests;
			sourceTree = "<group>";
		};
		CCCDFB8615EEAAC600B26133 /* Supporting Files */ = {
			isa = PBXGroup;
			children = (
				CCCDFB8715EEAAC600B26133 /* OpenTripPlannerTests-Info.plist */,
				CCCDFB8815EEAAC600B26133 /* InfoPlist.strings */,
			);
			name = "Supporting Files";
			sourceTree = "<group>";
		};
/* End PBXGroup section */

/* Begin PBXNativeTarget section */
		CCCDFB6215EEAAC600B26133 /* OpenTripPlanner */ = {
			isa = PBXNativeTarget;
			buildConfigurationList = CCCDFB9015EEAAC600B26133 /* Build configuration list for PBXNativeTarget "OpenTripPlanner" */;
			buildPhases = (
				CCCDFB5F15EEAAC600B26133 /* Sources */,
				CCCDFB6015EEAAC600B26133 /* Frameworks */,
				CCCDFB6115EEAAC600B26133 /* Resources */,
			);
			buildRules = (
			);
			dependencies = (
			);
			name = OpenTripPlanner;
			productName = OpenTripPlanner;
			productReference = CCCDFB6315EEAAC600B26133 /* OpenTripPlanner.app */;
			productType = "com.apple.product-type.application";
		};
		CCCDFB7D15EEAAC600B26133 /* OpenTripPlannerTests */ = {
			isa = PBXNativeTarget;
			buildConfigurationList = CCCDFB9315EEAAC600B26133 /* Build configuration list for PBXNativeTarget "OpenTripPlannerTests" */;
			buildPhases = (
				CCCDFB7915EEAAC600B26133 /* Sources */,
				CCCDFB7A15EEAAC600B26133 /* Frameworks */,
				CCCDFB7B15EEAAC600B26133 /* Resources */,
				CCCDFB7C15EEAAC600B26133 /* ShellScript */,
			);
			buildRules = (
			);
			dependencies = (
				CCCDFB8415EEAAC600B26133 /* PBXTargetDependency */,
			);
			name = OpenTripPlannerTests;
			productName = OpenTripPlannerTests;
			productReference = CCCDFB7E15EEAAC600B26133 /* OpenTripPlannerTests.octest */;
			productType = "com.apple.product-type.bundle";
		};
/* End PBXNativeTarget section */

/* Begin PBXProject section */
		CCCDFB5A15EEAAC600B26133 /* Project object */ = {
			isa = PBXProject;
			attributes = {
				CLASSPREFIX = OTP;
				LastUpgradeCheck = 0440;
				ORGANIZATIONNAME = OpenPlans;
			};
			buildConfigurationList = CCCDFB5D15EEAAC600B26133 /* Build configuration list for PBXProject "OpenTripPlanner" */;
			compatibilityVersion = "Xcode 3.2";
			developmentRegion = English;
			hasScannedForEncodings = 0;
			knownRegions = (
				en,
			);
			mainGroup = CCCDFB5815EEAAC600B26133;
			productRefGroup = CCCDFB6415EEAAC600B26133 /* Products */;
			projectDirPath = "";
			projectRoot = "";
			targets = (
				CCCDFB6215EEAAC600B26133 /* OpenTripPlanner */,
				CCCDFB7D15EEAAC600B26133 /* OpenTripPlannerTests */,
			);
		};
/* End PBXProject section */

/* Begin PBXResourcesBuildPhase section */
		CCCDFB6115EEAAC600B26133 /* Resources */ = {
			isa = PBXResourcesBuildPhase;
			buildActionMask = 2147483647;
			files = (
				CCCDFB7215EEAAC600B26133 /* InfoPlist.strings in Resources */,
				CC9CFCCC15EFCDA00070712C /* MainStoryboard_iPhone.storyboard in Resources */,
				CC088DE715F69E4900C6F372 /* OP.png in Resources */,
				CCE8191D160120E70034E8AC /* check.png in Resources */,
				CCE8191E160120E70034E8AC /* x.png in Resources */,
				CC44EB451615077D00B7FE93 /* HeadingAngleSmall.png in Resources */,
				CC44EB461615077D00B7FE93 /* HeadingAngleSmall@2x.png in Resources */,
				CC44EB471615077D00B7FE93 /* LoadingTile.png in Resources */,
				CC44EB481615077D00B7FE93 /* LoadingTileZoom.png in Resources */,
				CC44EB491615077D00B7FE93 /* TrackingDot.png in Resources */,
				CC44EB4A1615077D00B7FE93 /* TrackingDot@2x.png in Resources */,
				CC44EB4B1615077D00B7FE93 /* TrackingDotHalo.png in Resources */,
				CC44EB4C1615077D00B7FE93 /* TrackingDotHalo@2x.png in Resources */,
				CC44EB4D1615077D00B7FE93 /* TrackingHeading.png in Resources */,
				CC44EB4E1615077D00B7FE93 /* TrackingHeading@2x.png in Resources */,
				CC44EB4F1615077D00B7FE93 /* TrackingLocation.png in Resources */,
				CC44EB501615077D00B7FE93 /* TrackingLocation@2x.png in Resources */,
			);
			runOnlyForDeploymentPostprocessing = 0;
		};
		CCCDFB7B15EEAAC600B26133 /* Resources */ = {
			isa = PBXResourcesBuildPhase;
			buildActionMask = 2147483647;
			files = (
				CCCDFB8A15EEAAC600B26133 /* InfoPlist.strings in Resources */,
			);
			runOnlyForDeploymentPostprocessing = 0;
		};
/* End PBXResourcesBuildPhase section */

/* Begin PBXShellScriptBuildPhase section */
		CCCDFB7C15EEAAC600B26133 /* ShellScript */ = {
			isa = PBXShellScriptBuildPhase;
			buildActionMask = 2147483647;
			files = (
			);
			inputPaths = (
			);
			outputPaths = (
			);
			runOnlyForDeploymentPostprocessing = 0;
			shellPath = /bin/sh;
			shellScript = "# Run the unit tests in this test bundle.\n\"${SYSTEM_DEVELOPER_DIR}/Tools/RunUnitTests\"\n";
		};
/* End PBXShellScriptBuildPhase section */

/* Begin PBXSourcesBuildPhase section */
		CCCDFB5F15EEAAC600B26133 /* Sources */ = {
			isa = PBXSourcesBuildPhase;
			buildActionMask = 2147483647;
			files = (
				CCCDFB7415EEAAC600B26133 /* main.m in Sources */,
				CCCDFB7815EEAAC600B26133 /* OTPAppDelegate.m in Sources */,
				CC9CFC6E15EFC3030070712C /* Itinerary.m in Sources */,
				CC9CFC6F15EFC3030070712C /* Leg.m in Sources */,
				CC9CFC7015EFC3030070712C /* LegGeometry.m in Sources */,
				CC9CFC7115EFC3030070712C /* Place.m in Sources */,
				CC9CFC7215EFC3030070712C /* Plan.m in Sources */,
				CC9CFCC515EFCCDE0070712C /* OTPViewController.m in Sources */,
				CC8D354215F922E500CA158D /* OTPTransitTimesViewController.m in Sources */,
				CC8B5A5C15F953E2004D8602 /* SMCalloutView.m in Sources */,
				CCF1D5DF15FE454100EEB827 /* OTPDirectionsInputViewController.m in Sources */,
				CC65B89615FF9005002CFD97 /* OTPGeocodedTextField.m in Sources */,
				CCE81921160131FD0034E8AC /* OTPCallout.m in Sources */,
				CC0A1F6416038F6B003085B2 /* FacingView.m in Sources */,
				CC0A1F6516038F6B003085B2 /* FoldView.m in Sources */,
				CC0A1F6616038F6B003085B2 /* MultiFoldView.m in Sources */,
				CC0A1F6716038F6B003085B2 /* PaperFoldNavigationController.m in Sources */,
				CC0A1F6816038F6B003085B2 /* PaperFoldView.m in Sources */,
				CC0A1F6916038F6B003085B2 /* ShadowView.m in Sources */,
				CC0A1F6A16038F6B003085B2 /* TouchThroughUIView.m in Sources */,
				CC0A1F6B16038F6B003085B2 /* UIView+Screenshot.m in Sources */,
				CC0A1F771603AB3C003085B2 /* OTPItineraryViewController.m in Sources */,
				CC0A1F7B1603B47A003085B2 /* UIView+Origami.m in Sources */,
				CC0A1F851603D3C5003085B2 /* OTPShadow.m in Sources */,
				CC0B7401160A6D56008A734A /* OTPSearchBarWithActivity.m in Sources */,
				CC9DC0471614F5F200C8B22E /* OTPTransitTimeViewController.m in Sources */,
				CC9DC0481614F5F200C8B22E /* OTPVerticalGradientView.m in Sources */,
				CC9DC0491614F5F200C8B22E /* OTPGraphicsCommon.m in Sources */,
			);
			runOnlyForDeploymentPostprocessing = 0;
		};
		CCCDFB7915EEAAC600B26133 /* Sources */ = {
			isa = PBXSourcesBuildPhase;
			buildActionMask = 2147483647;
			files = (
				CCCDFB8D15EEAAC600B26133 /* OpenTripPlannerTests.m in Sources */,
			);
			runOnlyForDeploymentPostprocessing = 0;
		};
/* End PBXSourcesBuildPhase section */

/* Begin PBXTargetDependency section */
		CCCDFB8415EEAAC600B26133 /* PBXTargetDependency */ = {
			isa = PBXTargetDependency;
			target = CCCDFB6215EEAAC600B26133 /* OpenTripPlanner */;
			targetProxy = CCCDFB8315EEAAC600B26133 /* PBXContainerItemProxy */;
		};
/* End PBXTargetDependency section */

/* Begin PBXVariantGroup section */
		CCCDFB7015EEAAC600B26133 /* InfoPlist.strings */ = {
			isa = PBXVariantGroup;
			children = (
				CCCDFB7115EEAAC600B26133 /* en */,
			);
			name = InfoPlist.strings;
			sourceTree = "<group>";
		};
		CCCDFB8815EEAAC600B26133 /* InfoPlist.strings */ = {
			isa = PBXVariantGroup;
			children = (
				CCCDFB8915EEAAC600B26133 /* en */,
			);
			name = InfoPlist.strings;
			sourceTree = "<group>";
		};
/* End PBXVariantGroup section */

/* Begin XCBuildConfiguration section */
		CCCDFB8E15EEAAC600B26133 /* Debug */ = {
			isa = XCBuildConfiguration;
			buildSettings = {
				ALWAYS_SEARCH_USER_PATHS = NO;
				ARCHS = "$(ARCHS_STANDARD_32_BIT)";
				CLANG_CXX_LANGUAGE_STANDARD = "gnu++0x";
				CLANG_ENABLE_OBJC_ARC = YES;
				CLANG_WARN__DUPLICATE_METHOD_MATCH = YES;
				"CODE_SIGN_IDENTITY[sdk=iphoneos*]" = "iPhone Developer";
				COPY_PHASE_STRIP = NO;
				GCC_C_LANGUAGE_STANDARD = gnu99;
				GCC_DYNAMIC_NO_PIC = NO;
				GCC_OPTIMIZATION_LEVEL = 0;
				GCC_PREPROCESSOR_DEFINITIONS = (
					"DEBUG=1",
					"$(inherited)",
				);
				GCC_SYMBOLS_PRIVATE_EXTERN = NO;
				GCC_VERSION = com.apple.compilers.llvm.clang.1_0;
				GCC_WARN_ABOUT_RETURN_TYPE = YES;
				GCC_WARN_UNINITIALIZED_AUTOS = YES;
				GCC_WARN_UNUSED_VARIABLE = YES;
				IPHONEOS_DEPLOYMENT_TARGET = 5.1;
				SDKROOT = iphoneos;
				TARGETED_DEVICE_FAMILY = "1,2";
			};
			name = Debug;
		};
		CCCDFB8F15EEAAC600B26133 /* Release */ = {
			isa = XCBuildConfiguration;
			buildSettings = {
				ALWAYS_SEARCH_USER_PATHS = NO;
				ARCHS = "$(ARCHS_STANDARD_32_BIT)";
				CLANG_CXX_LANGUAGE_STANDARD = "gnu++0x";
				CLANG_ENABLE_OBJC_ARC = YES;
				CLANG_WARN__DUPLICATE_METHOD_MATCH = YES;
				"CODE_SIGN_IDENTITY[sdk=iphoneos*]" = "iPhone Developer";
				COPY_PHASE_STRIP = YES;
				GCC_C_LANGUAGE_STANDARD = gnu99;
				GCC_VERSION = com.apple.compilers.llvm.clang.1_0;
				GCC_WARN_ABOUT_RETURN_TYPE = YES;
				GCC_WARN_UNINITIALIZED_AUTOS = YES;
				GCC_WARN_UNUSED_VARIABLE = YES;
				IPHONEOS_DEPLOYMENT_TARGET = 5.1;
				OTHER_CFLAGS = "-DNS_BLOCK_ASSERTIONS=1";
				SDKROOT = iphoneos;
				TARGETED_DEVICE_FAMILY = "1,2";
				VALIDATE_PRODUCT = YES;
			};
			name = Release;
		};
		CCCDFB9115EEAAC600B26133 /* Debug */ = {
			isa = XCBuildConfiguration;
			buildSettings = {
				GCC_PRECOMPILE_PREFIX_HEADER = YES;
				GCC_PREFIX_HEADER = "OpenTripPlanner/OpenTripPlanner-Prefix.pch";
				HEADER_SEARCH_PATHS = (
					"\"$(BUILT_PRODUCTS_DIR)/../../Headers\"/**",
					"\"$(SRCROOT)/MapBox\"/**",
				);
				INFOPLIST_FILE = "OpenTripPlanner/OpenTripPlanner-Info.plist";
				OTHER_LDFLAGS = (
					"-ObjC",
					"-all_load",
				);
				PRODUCT_NAME = "$(TARGET_NAME)";
				WRAPPER_EXTENSION = app;
			};
			name = Debug;
		};
		CCCDFB9215EEAAC600B26133 /* Release */ = {
			isa = XCBuildConfiguration;
			buildSettings = {
				GCC_PRECOMPILE_PREFIX_HEADER = YES;
				GCC_PREFIX_HEADER = "OpenTripPlanner/OpenTripPlanner-Prefix.pch";
				HEADER_SEARCH_PATHS = (
					"\"$(BUILT_PRODUCTS_DIR)/../../Headers\"/**",
					"\"$(SRCROOT)/MapBox\"/**",
				);
				INFOPLIST_FILE = "OpenTripPlanner/OpenTripPlanner-Info.plist";
				OTHER_LDFLAGS = (
					"-ObjC",
					"-all_load",
				);
				PRODUCT_NAME = "$(TARGET_NAME)";
				WRAPPER_EXTENSION = app;
			};
			name = Release;
		};
		CCCDFB9415EEAAC600B26133 /* Debug */ = {
			isa = XCBuildConfiguration;
			buildSettings = {
				BUNDLE_LOADER = "$(BUILT_PRODUCTS_DIR)/OpenTripPlanner.app/OpenTripPlanner";
				FRAMEWORK_SEARCH_PATHS = (
					"\"$(SDKROOT)/Developer/Library/Frameworks\"",
					"\"$(DEVELOPER_LIBRARY_DIR)/Frameworks\"",
				);
				GCC_PRECOMPILE_PREFIX_HEADER = YES;
				GCC_PREFIX_HEADER = "OpenTripPlanner/OpenTripPlanner-Prefix.pch";
				INFOPLIST_FILE = "OpenTripPlannerTests/OpenTripPlannerTests-Info.plist";
				PRODUCT_NAME = "$(TARGET_NAME)";
				TEST_HOST = "$(BUNDLE_LOADER)";
				WRAPPER_EXTENSION = octest;
			};
			name = Debug;
		};
		CCCDFB9515EEAAC600B26133 /* Release */ = {
			isa = XCBuildConfiguration;
			buildSettings = {
				BUNDLE_LOADER = "$(BUILT_PRODUCTS_DIR)/OpenTripPlanner.app/OpenTripPlanner";
				FRAMEWORK_SEARCH_PATHS = (
					"\"$(SDKROOT)/Developer/Library/Frameworks\"",
					"\"$(DEVELOPER_LIBRARY_DIR)/Frameworks\"",
				);
				GCC_PRECOMPILE_PREFIX_HEADER = YES;
				GCC_PREFIX_HEADER = "OpenTripPlanner/OpenTripPlanner-Prefix.pch";
				INFOPLIST_FILE = "OpenTripPlannerTests/OpenTripPlannerTests-Info.plist";
				PRODUCT_NAME = "$(TARGET_NAME)";
				TEST_HOST = "$(BUNDLE_LOADER)";
				WRAPPER_EXTENSION = octest;
			};
			name = Release;
		};
/* End XCBuildConfiguration section */

/* Begin XCConfigurationList section */
		CCCDFB5D15EEAAC600B26133 /* Build configuration list for PBXProject "OpenTripPlanner" */ = {
			isa = XCConfigurationList;
			buildConfigurations = (
				CCCDFB8E15EEAAC600B26133 /* Debug */,
				CCCDFB8F15EEAAC600B26133 /* Release */,
			);
			defaultConfigurationIsVisible = 0;
			defaultConfigurationName = Release;
		};
		CCCDFB9015EEAAC600B26133 /* Build configuration list for PBXNativeTarget "OpenTripPlanner" */ = {
			isa = XCConfigurationList;
			buildConfigurations = (
				CCCDFB9115EEAAC600B26133 /* Debug */,
				CCCDFB9215EEAAC600B26133 /* Release */,
			);
			defaultConfigurationIsVisible = 0;
			defaultConfigurationName = Release;
		};
		CCCDFB9315EEAAC600B26133 /* Build configuration list for PBXNativeTarget "OpenTripPlannerTests" */ = {
			isa = XCConfigurationList;
			buildConfigurations = (
				CCCDFB9415EEAAC600B26133 /* Debug */,
				CCCDFB9515EEAAC600B26133 /* Release */,
			);
			defaultConfigurationIsVisible = 0;
			defaultConfigurationName = Release;
		};
/* End XCConfigurationList section */
	};
	rootObject = CCCDFB5A15EEAAC600B26133 /* Project object */;
}
